<?xml version="1.0" encoding="utf-8"?>
<Project ToolsVersion="4.0" xmlns="http://schemas.microsoft.com/developer/msbuild/2003">
  <ItemGroup>
    <Filter Include="Source Files">
      <UniqueIdentifier>{9ad6112e-efad-470b-aa30-bf9d27dfe7d5}</UniqueIdentifier>
    </Filter>
    <Filter Include="Generated Files">
      <UniqueIdentifier>{f99f1136-6697-4ab5-81c9-1122fa0932b2}</UniqueIdentifier>
      <SourceControlFiles>False</SourceControlFiles>
    </Filter>
  </ItemGroup>
  <ItemGroup>
    <None Include="SomaCOMps.def" />
  </ItemGroup>
  <ItemGroup>
    <ClCompile Include="SomaCOM_i.c">
      <Filter>Generated Files</Filter>
    </ClCompile>
    <ClCompile Include="SomaCOM_p.c">
      <Filter>Generated Files</Filter>
    </ClCompile>
    <ClCompile Include="dlldata.c">
      <Filter>Generated Files</Filter>
    </ClCompile>
  </ItemGroup>
</Project>